
Microsoft Visual Studio Solution File, Format Version 12.00
# Visual Studio Version 17
VisualStudioVersion = 17.4.33213.308
MinimumVisualStudioVersion = 10.0.40219.1
Project("{FAE04EC0-301F-11D3-BF4B-00C04F79EFBC}") = "SelectionApp_1", "SelectionApp_1\SelectionApp_1.csproj", "{65351757-6C8A-4752-832A-1897251986B3}"
EndProject
Global
	GlobalSection(SolutionConfigurationPlatforms) = preSolution
		Debug|Any CPU = Debug|Any CPU
		Release|Any CPU = Release|Any CPU
	EndGlobalSection
	GlobalSection(ProjectConfigurationPlatforms) = postSolution
		{65351757-6C8A-4752-832A-1897251986B3}.Debug|Any CPU.ActiveCfg = Debug|Any CPU
		{65351757-6C8A-4752-832A-1897251986B3}.Debug|Any CPU.Build.0 = Debug|Any CPU
		{65351757-6C8A-4752-832A-1897251986B3}.Release|Any CPU.ActiveCfg = Release|Any CPU
		{65351757-6C8A-4752-832A-1897251986B3}.Release|Any CPU.Build.0 = Release|Any CPU
	EndGlobalSection
	GlobalSection(SolutionProperties) = preSolution
		HideSolutionNode = FALSE
	EndGlobalSection
	GlobalSection(ExtensibilityGlobals) = postSolution
		SolutionGuid = {935E120D-32C1-43CA-AC03-1207B7391578}
	EndGlobalSection
EndGlobal
